github.com/davecgh/go-spew v1.1.0 h1:ZDRjVQ15GmhC3fiQ8ni8+OwkZQO4DARzQgrnXU1Liz8=
github.com/naoki9911/panda v0.0.0-20220401091005-609e6b3f93c2 h1:ZYiHoxgJ6CCGEmZzFxEAtUqyEtsIxD3MCSXlacnThiI=
github.com/naoki9911/panda v0.0.0-20220401091005-609e6b3f93c2/go.mod h1:UIVJnovDAKizQ2A1wO14lHuIu1pKbiQwrHP9B0lN6A4=
github.com/pmezard/go-difflib v1.0.0 h1:4DBwDE0NGyQoBHbLQYPwSUPoCMWR5BEzIk/f1lZbAQM=
github.com/ssoroka/slice v0.0.0-20211028135151-81d3a5de7c11 h1:IzvRIvbJfUlyRhuWd0hGWCQkkRlkDLjRipckMbvCGoQ=
github.com/ssoroka/slice v0.0.0-20211028135151-81d3a5de7c11/go.mod h1:l4Ov7Zo7X3/MCC+pefg/lN7x8X8FKb1Ub7oxosKKJa0=
github.com/stretchr/testify v1.7.0 h1:nwc3DEeHmmLAfoZucVR881uASk0Mfjw8xYJ99tb5CcY=
gopkg.in/yaml.v3 v3.0.0-20200313102051-9f266ea9e77c h1:dUUwHk2QECo/6vqA44rthZ8ie2QXMNeKRTHCNY2nXvo=
